// !$*UTF8*$!
{
	archiveVersion = 1;
	classes = {
	};
	objectVersion = 56;
	objects = {

/* Begin PBXBuildFile section */
		1166F3212A2894FC0073C262 /* AppDelegate.swift in Sources */ = {isa = PBXBuildFile; fileRef = 1166F3202A2894FC0073C262 /* AppDelegate.swift */; };
		1166F3232A2894FC0073C262 /* SceneDelegate.swift in Sources */ = {isa = PBXBuildFile; fileRef = 1166F3222A2894FC0073C262 /* SceneDelegate.swift */; };
		1166F32A2A2894FF0073C262 /* Assets.xcassets in Resources */ = {isa = PBXBuildFile; fileRef = 1166F3292A2894FF0073C262 /* Assets.xcassets */; };
		1166F32D2A2894FF0073C262 /* LaunchScreen.storyboard in Resources */ = {isa = PBXBuildFile; fileRef = 1166F32B2A2894FF0073C262 /* LaunchScreen.storyboard */; };
		119C53CB2A3CAE4800ED1607 /* Coordinator.swift in Sources */ = {isa = PBXBuildFile; fileRef = 119C53CA2A3CAE4800ED1607 /* Coordinator.swift */; };
		119C53CE2A3CBA4500ED1607 /* MainCoordinator.swift in Sources */ = {isa = PBXBuildFile; fileRef = 119C53CD2A3CBA4500ED1607 /* MainCoordinator.swift */; };
		119C53D02A3CBEEC00ED1607 /* MainChildCoordinatorFactory.swift in Sources */ = {isa = PBXBuildFile; fileRef = 119C53CF2A3CBEEC00ED1607 /* MainChildCoordinatorFactory.swift */; };
		119C53D42A3CC09900ED1607 /* HomeCoordinator.swift in Sources */ = {isa = PBXBuildFile; fileRef = 119C53D32A3CC09900ED1607 /* HomeCoordinator.swift */; };
		11A81B4D2A2B567800B6B56A /* SceneCoordinator.swift in Sources */ = {isa = PBXBuildFile; fileRef = 11A81B4C2A2B567800B6B56A /* SceneCoordinator.swift */; };
		11B63BB52A28AE2200107CA7 /* Alamofire in Frameworks */ = {isa = PBXBuildFile; productRef = 11B63BB42A28AE2200107CA7 /* Alamofire */; };
		48E63B4D750C0FA932CF16BD /* Pods_themoviedb.framework in Frameworks */ = {isa = PBXBuildFile; fileRef = 005E4C5C7B2D6A05D38D5F2B /* Pods_themoviedb.framework */; };
/* End PBXBuildFile section */

/* Begin PBXContainerItemProxy section */
		1157BCE52A30DDCF00B155DF /* PBXContainerItemProxy */ = {
			isa = PBXContainerItemProxy;
			containerPortal = 1157BCE12A30DDCF00B155DF /* Dashboard.xcodeproj */;
			proxyType = 2;
			remoteGlobalIDString = 1157BCD72A30DDCF00B155DF;
			remoteInfo = Dashboard;
		};
		116435072A335AEE0094E528 /* PBXContainerItemProxy */ = {
			isa = PBXContainerItemProxy;
			containerPortal = 116435032A335AED0094E528 /* Networking.xcodeproj */;
			proxyType = 2;
			remoteGlobalIDString = 116434F92A335AED0094E528;
			remoteInfo = Networking;
		};
		11A81B822A2DE7B100B6B56A /* PBXContainerItemProxy */ = {
			isa = PBXContainerItemProxy;
			containerPortal = 11A81B7E2A2DE7B100B6B56A /* Home.xcodeproj */;
			proxyType = 2;
			remoteGlobalIDString = 11B63BCC2A28DEE000107CA7;
			remoteInfo = Home;
		};
		11A81B912A2DE7D600B6B56A /* PBXContainerItemProxy */ = {
			isa = PBXContainerItemProxy;
			containerPortal = 11A81B8D2A2DE7D600B6B56A /* CommonNavigation.xcodeproj */;
			proxyType = 2;
			remoteGlobalIDString = 11B63B862A289C1200107CA7;
			remoteInfo = CommonNavigation;
		};
		11A81CA32A2F595E00B6B56A /* PBXContainerItemProxy */ = {
			isa = PBXContainerItemProxy;
			containerPortal = 11A81C962A2F58FE00B6B56A /* Settings.xcodeproj */;
			proxyType = 2;
			remoteGlobalIDString = 11A81C7E2A2F58FD00B6B56A;
			remoteInfo = Settings;
		};
		11A81CA52A2F595E00B6B56A /* PBXContainerItemProxy */ = {
			isa = PBXContainerItemProxy;
			containerPortal = 11A81C962A2F58FE00B6B56A /* Settings.xcodeproj */;
			proxyType = 2;
			remoteGlobalIDString = 11A81C862A2F58FE00B6B56A;
			remoteInfo = SettingsTests;
		};
/* End PBXContainerItemProxy section */

/* Begin PBXFileReference section */
		005E4C5C7B2D6A05D38D5F2B /* Pods_themoviedb.framework */ = {isa = PBXFileReference; explicitFileType = wrapper.framework; includeInIndex = 0; path = Pods_themoviedb.framework; sourceTree = BUILT_PRODUCTS_DIR; };
		1157BCE12A30DDCF00B155DF /* Dashboard.xcodeproj */ = {isa = PBXFileReference; lastKnownFileType = "wrapper.pb-project"; name = Dashboard.xcodeproj; path = Dashboard/Dashboard.xcodeproj; sourceTree = "<group>"; };
		116435032A335AED0094E528 /* Networking.xcodeproj */ = {isa = PBXFileReference; lastKnownFileType = "wrapper.pb-project"; name = Networking.xcodeproj; path = Networking/Networking.xcodeproj; sourceTree = "<group>"; };
		1166F31D2A2894FC0073C262 /* themoviedb.app */ = {isa = PBXFileReference; explicitFileType = wrapper.application; includeInIndex = 0; path = themoviedb.app; sourceTree = BUILT_PRODUCTS_DIR; };
		1166F3202A2894FC0073C262 /* AppDelegate.swift */ = {isa = PBXFileReference; lastKnownFileType = sourcecode.swift; path = AppDelegate.swift; sourceTree = "<group>"; };
		1166F3222A2894FC0073C262 /* SceneDelegate.swift */ = {isa = PBXFileReference; lastKnownFileType = sourcecode.swift; path = SceneDelegate.swift; sourceTree = "<group>"; };
		1166F3292A2894FF0073C262 /* Assets.xcassets */ = {isa = PBXFileReference; lastKnownFileType = folder.assetcatalog; path = Assets.xcassets; sourceTree = "<group>"; };
		1166F32C2A2894FF0073C262 /* Base */ = {isa = PBXFileReference; lastKnownFileType = file.storyboard; name = Base; path = Base.lproj/LaunchScreen.storyboard; sourceTree = "<group>"; };
		1166F32E2A2894FF0073C262 /* Info.plist */ = {isa = PBXFileReference; lastKnownFileType = text.plist.xml; path = Info.plist; sourceTree = "<group>"; };
		119C53CA2A3CAE4800ED1607 /* Coordinator.swift */ = {isa = PBXFileReference; lastKnownFileType = sourcecode.swift; path = Coordinator.swift; sourceTree = "<group>"; };
		119C53CD2A3CBA4500ED1607 /* MainCoordinator.swift */ = {isa = PBXFileReference; lastKnownFileType = sourcecode.swift; path = MainCoordinator.swift; sourceTree = "<group>"; };
		119C53CF2A3CBEEC00ED1607 /* MainChildCoordinatorFactory.swift */ = {isa = PBXFileReference; lastKnownFileType = sourcecode.swift; path = MainChildCoordinatorFactory.swift; sourceTree = "<group>"; };
		119C53D32A3CC09900ED1607 /* HomeCoordinator.swift */ = {isa = PBXFileReference; lastKnownFileType = sourcecode.swift; path = HomeCoordinator.swift; sourceTree = "<group>"; };
		11A81B4C2A2B567800B6B56A /* SceneCoordinator.swift */ = {isa = PBXFileReference; lastKnownFileType = sourcecode.swift; path = SceneCoordinator.swift; sourceTree = "<group>"; };
		11A81B7E2A2DE7B100B6B56A /* Home.xcodeproj */ = {isa = PBXFileReference; lastKnownFileType = "wrapper.pb-project"; name = Home.xcodeproj; path = Home/Home.xcodeproj; sourceTree = "<group>"; };
		11A81B8D2A2DE7D600B6B56A /* CommonNavigation.xcodeproj */ = {isa = PBXFileReference; lastKnownFileType = "wrapper.pb-project"; name = CommonNavigation.xcodeproj; path = CommonNavigation/CommonNavigation.xcodeproj; sourceTree = "<group>"; };
		11A81C962A2F58FE00B6B56A /* Settings.xcodeproj */ = {isa = PBXFileReference; lastKnownFileType = "wrapper.pb-project"; name = Settings.xcodeproj; path = themoviedb/Modules/Features/Settings/Settings/Settings.xcodeproj; sourceTree = SOURCE_ROOT; };
		6F6F6218A55043A92BBC50FE /* Pods-themoviedb.release.xcconfig */ = {isa = PBXFileReference; includeInIndex = 1; lastKnownFileType = text.xcconfig; name = "Pods-themoviedb.release.xcconfig"; path = "Target Support Files/Pods-themoviedb/Pods-themoviedb.release.xcconfig"; sourceTree = "<group>"; };
		E38D459860DC48B9B84EEE09 /* Pods-themoviedb.debug.xcconfig */ = {isa = PBXFileReference; includeInIndex = 1; lastKnownFileType = text.xcconfig; name = "Pods-themoviedb.debug.xcconfig"; path = "Target Support Files/Pods-themoviedb/Pods-themoviedb.debug.xcconfig"; sourceTree = "<group>"; };
/* End PBXFileReference section */

/* Begin PBXFrameworksBuildPhase section */
		1166F31A2A2894FC0073C262 /* Frameworks */ = {
			isa = PBXFrameworksBuildPhase;
			buildActionMask = 2147483647;
			files = (
				11B63BB52A28AE2200107CA7 /* Alamofire in Frameworks */,
				48E63B4D750C0FA932CF16BD /* Pods_themoviedb.framework in Frameworks */,
			);
			runOnlyForDeploymentPostprocessing = 0;
		};
/* End PBXFrameworksBuildPhase section */

/* Begin PBXGroup section */
		1157BCE22A30DDCF00B155DF /* Products */ = {
			isa = PBXGroup;
			children = (
				1157BCE62A30DDCF00B155DF /* Dashboard.framework */,
			);
			name = Products;
			sourceTree = "<group>";
		};
		116435042A335AED0094E528 /* Products */ = {
			isa = PBXGroup;
			children = (
				116435082A335AEE0094E528 /* Networking.framework */,
			);
			name = Products;
			sourceTree = "<group>";
		};
		1166F3142A2894FC0073C262 = {
			isa = PBXGroup;
			children = (
				1166F31F2A2894FC0073C262 /* themoviedb */,
				1166F31E2A2894FC0073C262 /* Products */,
				978EAE75B6B72BB0F2C2EE87 /* Pods */,
				B308252C43963233A751A68F /* Frameworks */,
			);
			sourceTree = "<group>";
		};
		1166F31E2A2894FC0073C262 /* Products */ = {
			isa = PBXGroup;
			children = (
				1166F31D2A2894FC0073C262 /* themoviedb.app */,
			);
			name = Products;
			sourceTree = "<group>";
		};
		1166F31F2A2894FC0073C262 /* themoviedb */ = {
			isa = PBXGroup;
			children = (
				11B63B782A28988300107CA7 /* Application */,
				11B63B7A2A289B5500107CA7 /* Modules */,
				11B63B792A289B1B00107CA7 /* Resourses */,
				1166F32E2A2894FF0073C262 /* Info.plist */,
			);
			path = themoviedb;
			sourceTree = "<group>";
		};
		119C53C82A3CADFA00ED1607 /* Common */ = {
			isa = PBXGroup;
			children = (
				119C53CA2A3CAE4800ED1607 /* Coordinator.swift */,
			);
			path = Common;
			sourceTree = "<group>";
		};
		119C53C92A3CAE0A00ED1607 /* New Group1 */ = {
			isa = PBXGroup;
			children = (
				11B63B7B2A289B6000107CA7 /* Common */,
				11B63BBF2A28DE7A00107CA7 /* Features */,
			);
			path = "New Group1";
			sourceTree = "<group>";
		};
		119C53CC2A3CBA1E00ED1607 /* Features */ = {
			isa = PBXGroup;
			children = (
				119C53D22A3CC08000ED1607 /* Home */,
				119C53D12A3CC07100ED1607 /* Main */,
			);
			path = Features;
			sourceTree = "<group>";
		};
		119C53D12A3CC07100ED1607 /* Main */ = {
			isa = PBXGroup;
			children = (
				119C53CD2A3CBA4500ED1607 /* MainCoordinator.swift */,
				119C53CF2A3CBEEC00ED1607 /* MainChildCoordinatorFactory.swift */,
			);
			path = Main;
			sourceTree = "<group>";
		};
		119C53D22A3CC08000ED1607 /* Home */ = {
			isa = PBXGroup;
			children = (
				119C53D32A3CC09900ED1607 /* HomeCoordinator.swift */,
			);
			path = Home;
			sourceTree = "<group>";
		};
		11A81B7F2A2DE7B100B6B56A /* Products */ = {
			isa = PBXGroup;
			children = (
				11A81B832A2DE7B100B6B56A /* Home.framework */,
			);
			name = Products;
			sourceTree = "<group>";
		};
		11A81B8E2A2DE7D600B6B56A /* Products */ = {
			isa = PBXGroup;
			children = (
				11A81B922A2DE7D600B6B56A /* CommonNavigation.framework */,
			);
			name = Products;
			sourceTree = "<group>";
		};
		11A81C9F2A2F595E00B6B56A /* Products */ = {
			isa = PBXGroup;
			children = (
				11A81CA42A2F595E00B6B56A /* Settings.framework */,
				11A81CA62A2F595E00B6B56A /* SettingsTests.xctest */,
			);
			name = Products;
			sourceTree = "<group>";
		};
		11B63B782A28988300107CA7 /* Application */ = {
			isa = PBXGroup;
			children = (
				1166F3202A2894FC0073C262 /* AppDelegate.swift */,
				1166F3222A2894FC0073C262 /* SceneDelegate.swift */,
				11A81B4C2A2B567800B6B56A /* SceneCoordinator.swift */,
				1166F32B2A2894FF0073C262 /* LaunchScreen.storyboard */,
			);
			path = Application;
			sourceTree = "<group>";
		};
		11B63B792A289B1B00107CA7 /* Resourses */ = {
			isa = PBXGroup;
			children = (
				1166F3292A2894FF0073C262 /* Assets.xcassets */,
			);
			path = Resourses;
			sourceTree = "<group>";
		};
		11B63B7A2A289B5500107CA7 /* Modules */ = {
			isa = PBXGroup;
			children = (
				119C53CC2A3CBA1E00ED1607 /* Features */,
				119C53C82A3CADFA00ED1607 /* Common */,
				119C53C92A3CAE0A00ED1607 /* New Group1 */,
			);
			path = Modules;
			sourceTree = "<group>";
		};
		11B63B7B2A289B6000107CA7 /* Common */ = {
			isa = PBXGroup;
			children = (
				116435032A335AED0094E528 /* Networking.xcodeproj */,
				11A81B8D2A2DE7D600B6B56A /* CommonNavigation.xcodeproj */,
			);
			path = Common;
			sourceTree = "<group>";
		};
		11B63BBF2A28DE7A00107CA7 /* Features */ = {
			isa = PBXGroup;
			children = (
				11A81C962A2F58FE00B6B56A /* Settings.xcodeproj */,
				11B63BC02A28DE9500107CA7 /* Dashboard */,
			);
			path = Features;
			sourceTree = "<group>";
		};
		11B63BC02A28DE9500107CA7 /* Dashboard */ = {
			isa = PBXGroup;
			children = (
				1157BCE12A30DDCF00B155DF /* Dashboard.xcodeproj */,
				11A81B7E2A2DE7B100B6B56A /* Home.xcodeproj */,
			);
			path = Dashboard;
			sourceTree = "<group>";
		};
		978EAE75B6B72BB0F2C2EE87 /* Pods */ = {
			isa = PBXGroup;
			children = (
				E38D459860DC48B9B84EEE09 /* Pods-themoviedb.debug.xcconfig */,
				6F6F6218A55043A92BBC50FE /* Pods-themoviedb.release.xcconfig */,
			);
			path = Pods;
			sourceTree = "<group>";
		};
		B308252C43963233A751A68F /* Frameworks */ = {
			isa = PBXGroup;
			children = (
				005E4C5C7B2D6A05D38D5F2B /* Pods_themoviedb.framework */,
			);
			name = Frameworks;
			sourceTree = "<group>";
		};
/* End PBXGroup section */

/* Begin PBXNativeTarget section */
		1166F31C2A2894FC0073C262 /* themoviedb */ = {
			isa = PBXNativeTarget;
			buildConfigurationList = 1166F3312A2894FF0073C262 /* Build configuration list for PBXNativeTarget "themoviedb" */;
			buildPhases = (
				47C3D60FDF4AFF24219764C0 /* [CP] Check Pods Manifest.lock */,
				1166F3192A2894FC0073C262 /* Sources */,
				1166F31A2A2894FC0073C262 /* Frameworks */,
				1166F31B2A2894FC0073C262 /* Resources */,
			);
			buildRules = (
			);
			dependencies = (
			);
			name = themoviedb;
			packageProductDependencies = (
				11B63BB42A28AE2200107CA7 /* Alamofire */,
			);
			productName = themoviedb;
			productReference = 1166F31D2A2894FC0073C262 /* themoviedb.app */;
			productType = "com.apple.product-type.application";
		};
/* End PBXNativeTarget section */

/* Begin PBXProject section */
		1166F3152A2894FC0073C262 /* Project object */ = {
			isa = PBXProject;
			attributes = {
				BuildIndependentTargetsInParallel = 1;
				LastSwiftUpdateCheck = 1430;
				LastUpgradeCheck = 1430;
				TargetAttributes = {
					1166F31C2A2894FC0073C262 = {
						CreatedOnToolsVersion = 14.3;
					};
				};
			};
			buildConfigurationList = 1166F3182A2894FC0073C262 /* Build configuration list for PBXProject "themoviedb" */;
			compatibilityVersion = "Xcode 14.0";
			developmentRegion = en;
			hasScannedForEncodings = 0;
			knownRegions = (
				en,
				Base,
			);
			mainGroup = 1166F3142A2894FC0073C262;
			packageReferences = (
				11B63BB32A28AE2200107CA7 /* XCRemoteSwiftPackageReference "Alamofire" */,
			);
			productRefGroup = 1166F31E2A2894FC0073C262 /* Products */;
			projectDirPath = "";
			projectReferences = (
				{
					ProductGroup = 11A81B8E2A2DE7D600B6B56A /* Products */;
					ProjectRef = 11A81B8D2A2DE7D600B6B56A /* CommonNavigation.xcodeproj */;
				},
				{
					ProductGroup = 1157BCE22A30DDCF00B155DF /* Products */;
					ProjectRef = 1157BCE12A30DDCF00B155DF /* Dashboard.xcodeproj */;
				},
				{
					ProductGroup = 11A81B7F2A2DE7B100B6B56A /* Products */;
					ProjectRef = 11A81B7E2A2DE7B100B6B56A /* Home.xcodeproj */;
				},
				{
					ProductGroup = 116435042A335AED0094E528 /* Products */;
					ProjectRef = 116435032A335AED0094E528 /* Networking.xcodeproj */;
				},
				{
					ProductGroup = 11A81C9F2A2F595E00B6B56A /* Products */;
					ProjectRef = 11A81C962A2F58FE00B6B56A /* Settings.xcodeproj */;
				},
			);
			projectRoot = "";
			targets = (
				1166F31C2A2894FC0073C262 /* themoviedb */,
			);
		};
/* End PBXProject section */

/* Begin PBXReferenceProxy section */
		1157BCE62A30DDCF00B155DF /* Dashboard.framework */ = {
			isa = PBXReferenceProxy;
			fileType = wrapper.framework;
			path = Dashboard.framework;
			remoteRef = 1157BCE52A30DDCF00B155DF /* PBXContainerItemProxy */;
			sourceTree = BUILT_PRODUCTS_DIR;
		};
		116435082A335AEE0094E528 /* Networking.framework */ = {
			isa = PBXReferenceProxy;
			fileType = wrapper.framework;
			path = Networking.framework;
			remoteRef = 116435072A335AEE0094E528 /* PBXContainerItemProxy */;
			sourceTree = BUILT_PRODUCTS_DIR;
		};
		11A81B832A2DE7B100B6B56A /* Home.framework */ = {
			isa = PBXReferenceProxy;
			fileType = wrapper.framework;
			path = Home.framework;
			remoteRef = 11A81B822A2DE7B100B6B56A /* PBXContainerItemProxy */;
			sourceTree = BUILT_PRODUCTS_DIR;
		};
		11A81B922A2DE7D600B6B56A /* CommonNavigation.framework */ = {
			isa = PBXReferenceProxy;
			fileType = wrapper.framework;
			path = CommonNavigation.framework;
			remoteRef = 11A81B912A2DE7D600B6B56A /* PBXContainerItemProxy */;
			sourceTree = BUILT_PRODUCTS_DIR;
		};
		11A81CA42A2F595E00B6B56A /* Settings.framework */ = {
			isa = PBXReferenceProxy;
			fileType = wrapper.framework;
			path = Settings.framework;
			remoteRef = 11A81CA32A2F595E00B6B56A /* PBXContainerItemProxy */;
			sourceTree = BUILT_PRODUCTS_DIR;
		};
		11A81CA62A2F595E00B6B56A /* SettingsTests.xctest */ = {
			isa = PBXReferenceProxy;
			fileType = wrapper.cfbundle;
			path = SettingsTests.xctest;
			remoteRef = 11A81CA52A2F595E00B6B56A /* PBXContainerItemProxy */;
			sourceTree = BUILT_PRODUCTS_DIR;
		};
/* End PBXReferenceProxy section */

/* Begin PBXResourcesBuildPhase section */
		1166F31B2A2894FC0073C262 /* Resources */ = {
			isa = PBXResourcesBuildPhase;
			buildActionMask = 2147483647;
			files = (
				1166F32D2A2894FF0073C262 /* LaunchScreen.storyboard in Resources */,
				1166F32A2A2894FF0073C262 /* Assets.xcassets in Resources */,
			);
			runOnlyForDeploymentPostprocessing = 0;
		};
/* End PBXResourcesBuildPhase section */

/* Begin PBXShellScriptBuildPhase section */
		47C3D60FDF4AFF24219764C0 /* [CP] Check Pods Manifest.lock */ = {
			isa = PBXShellScriptBuildPhase;
			buildActionMask = 2147483647;
			files = (
			);
			inputFileListPaths = (
			);
			inputPaths = (
				"${PODS_PODFILE_DIR_PATH}/Podfile.lock",
				"${PODS_ROOT}/Manifest.lock",
			);
			name = "[CP] Check Pods Manifest.lock";
			outputFileListPaths = (
			);
			outputPaths = (
				"$(DERIVED_FILE_DIR)/Pods-themoviedb-checkManifestLockResult.txt",
			);
			runOnlyForDeploymentPostprocessing = 0;
			shellPath = /bin/sh;
			shellScript = "diff \"${PODS_PODFILE_DIR_PATH}/Podfile.lock\" \"${PODS_ROOT}/Manifest.lock\" > /dev/null\nif [ $? != 0 ] ; then\n    # print error to STDERR\n    echo \"error: The sandbox is not in sync with the Podfile.lock. Run 'pod install' or update your CocoaPods installation.\" >&2\n    exit 1\nfi\n# This output is used by Xcode 'outputs' to avoid re-running this script phase.\necho \"SUCCESS\" > \"${SCRIPT_OUTPUT_FILE_0}\"\n";
			showEnvVarsInLog = 0;
		};
/* End PBXShellScriptBuildPhase section */

/* Begin PBXSourcesBuildPhase section */
		1166F3192A2894FC0073C262 /* Sources */ = {
			isa = PBXSourcesBuildPhase;
			buildActionMask = 2147483647;
			files = (
				119C53CB2A3CAE4800ED1607 /* Coordinator.swift in Sources */,
				11A81B4D2A2B567800B6B56A /* SceneCoordinator.swift in Sources */,
				1166F3212A2894FC0073C262 /* AppDelegate.swift in Sources */,
				119C53D02A3CBEEC00ED1607 /* MainChildCoordinatorFactory.swift in Sources */,
				119C53CE2A3CBA4500ED1607 /* MainCoordinator.swift in Sources */,
				119C53D42A3CC09900ED1607 /* HomeCoordinator.swift in Sources */,
				1166F3232A2894FC0073C262 /* SceneDelegate.swift in Sources */,
			);
			runOnlyForDeploymentPostprocessing = 0;
		};
/* End PBXSourcesBuildPhase section */

/* Begin PBXVariantGroup section */
		1166F32B2A2894FF0073C262 /* LaunchScreen.storyboard */ = {
			isa = PBXVariantGroup;
			children = (
				1166F32C2A2894FF0073C262 /* Base */,
			);
			name = LaunchScreen.storyboard;
			sourceTree = "<group>";
		};
/* End PBXVariantGroup section */

/* Begin XCBuildConfiguration section */
		1166F32F2A2894FF0073C262 /* Debug */ = {
			isa = XCBuildConfiguration;
			buildSettings = {
				ALWAYS_SEARCH_USER_PATHS = NO;
				CLANG_ANALYZER_NONNULL = YES;
				CLANG_ANALYZER_NUMBER_OBJECT_CONVERSION = YES_AGGRESSIVE;
				CLANG_CXX_LANGUAGE_STANDARD = "gnu++20";
				CLANG_ENABLE_MODULES = YES;
				CLANG_ENABLE_OBJC_ARC = YES;
				CLANG_ENABLE_OBJC_WEAK = YES;
				CLANG_WARN_BLOCK_CAPTURE_AUTORELEASING = YES;
				CLANG_WARN_BOOL_CONVERSION = YES;
				CLANG_WARN_COMMA = YES;
				CLANG_WARN_CONSTANT_CONVERSION = YES;
				CLANG_WARN_DEPRECATED_OBJC_IMPLEMENTATIONS = YES;
				CLANG_WARN_DIRECT_OBJC_ISA_USAGE = YES_ERROR;
				CLANG_WARN_DOCUMENTATION_COMMENTS = YES;
				CLANG_WARN_EMPTY_BODY = YES;
				CLANG_WARN_ENUM_CONVERSION = YES;
				CLANG_WARN_INFINITE_RECURSION = YES;
				CLANG_WARN_INT_CONVERSION = YES;
				CLANG_WARN_NON_LITERAL_NULL_CONVERSION = YES;
				CLANG_WARN_OBJC_IMPLICIT_RETAIN_SELF = YES;
				CLANG_WARN_OBJC_LITERAL_CONVERSION = YES;
				CLANG_WARN_OBJC_ROOT_CLASS = YES_ERROR;
				CLANG_WARN_QUOTED_INCLUDE_IN_FRAMEWORK_HEADER = YES;
				CLANG_WARN_RANGE_LOOP_ANALYSIS = YES;
				CLANG_WARN_STRICT_PROTOTYPES = YES;
				CLANG_WARN_SUSPICIOUS_MOVE = YES;
				CLANG_WARN_UNGUARDED_AVAILABILITY = YES_AGGRESSIVE;
				CLANG_WARN_UNREACHABLE_CODE = YES;
				CLANG_WARN__DUPLICATE_METHOD_MATCH = YES;
				COPY_PHASE_STRIP = NO;
				DEBUG_INFORMATION_FORMAT = dwarf;
				ENABLE_STRICT_OBJC_MSGSEND = YES;
				ENABLE_TESTABILITY = YES;
				GCC_C_LANGUAGE_STANDARD = gnu11;
				GCC_DYNAMIC_NO_PIC = NO;
				GCC_NO_COMMON_BLOCKS = YES;
				GCC_OPTIMIZATION_LEVEL = 0;
				GCC_PREPROCESSOR_DEFINITIONS = (
					"DEBUG=1",
					"$(inherited)",
				);
				GCC_WARN_64_TO_32_BIT_CONVERSION = YES;
				GCC_WARN_ABOUT_RETURN_TYPE = YES_ERROR;
				GCC_WARN_UNDECLARED_SELECTOR = YES;
				GCC_WARN_UNINITIALIZED_AUTOS = YES_AGGRESSIVE;
				GCC_WARN_UNUSED_FUNCTION = YES;
				GCC_WARN_UNUSED_VARIABLE = YES;
				IPHONEOS_DEPLOYMENT_TARGET = 16.4;
				MTL_ENABLE_DEBUG_INFO = INCLUDE_SOURCE;
				MTL_FAST_MATH = YES;
				ONLY_ACTIVE_ARCH = YES;
				SDKROOT = iphoneos;
				SWIFT_ACTIVE_COMPILATION_CONDITIONS = DEBUG;
				SWIFT_OPTIMIZATION_LEVEL = "-Onone";
			};
			name = Debug;
		};
		1166F3302A2894FF0073C262 /* Release */ = {
			isa = XCBuildConfiguration;
			buildSettings = {
				ALWAYS_SEARCH_USER_PATHS = NO;
				CLANG_ANALYZER_NONNULL = YES;
				CLANG_ANALYZER_NUMBER_OBJECT_CONVERSION = YES_AGGRESSIVE;
				CLANG_CXX_LANGUAGE_STANDARD = "gnu++20";
				CLANG_ENABLE_MODULES = YES;
				CLANG_ENABLE_OBJC_ARC = YES;
				CLANG_ENABLE_OBJC_WEAK = YES;
				CLANG_WARN_BLOCK_CAPTURE_AUTORELEASING = YES;
				CLANG_WARN_BOOL_CONVERSION = YES;
				CLANG_WARN_COMMA = YES;
				CLANG_WARN_CONSTANT_CONVERSION = YES;
				CLANG_WARN_DEPRECATED_OBJC_IMPLEMENTATIONS = YES;
				CLANG_WARN_DIRECT_OBJC_ISA_USAGE = YES_ERROR;
				CLANG_WARN_DOCUMENTATION_COMMENTS = YES;
				CLANG_WARN_EMPTY_BODY = YES;
				CLANG_WARN_ENUM_CONVERSION = YES;
				CLANG_WARN_INFINITE_RECURSION = YES;
				CLANG_WARN_INT_CONVERSION = YES;
				CLANG_WARN_NON_LITERAL_NULL_CONVERSION = YES;
				CLANG_WARN_OBJC_IMPLICIT_RETAIN_SELF = YES;
				CLANG_WARN_OBJC_LITERAL_CONVERSION = YES;
				CLANG_WARN_OBJC_ROOT_CLASS = YES_ERROR;
				CLANG_WARN_QUOTED_INCLUDE_IN_FRAMEWORK_HEADER = YES;
				CLANG_WARN_RANGE_LOOP_ANALYSIS = YES;
				CLANG_WARN_STRICT_PROTOTYPES = YES;
				CLANG_WARN_SUSPICIOUS_MOVE = YES;
				CLANG_WARN_UNGUARDED_AVAILABILITY = YES_AGGRESSIVE;
				CLANG_WARN_UNREACHABLE_CODE = YES;
				CLANG_WARN__DUPLICATE_METHOD_MATCH = YES;
				COPY_PHASE_STRIP = NO;
				DEBUG_INFORMATION_FORMAT = "dwarf-with-dsym";
				ENABLE_NS_ASSERTIONS = NO;
				ENABLE_STRICT_OBJC_MSGSEND = YES;
				GCC_C_LANGUAGE_STANDARD = gnu11;
				GCC_NO_COMMON_BLOCKS = YES;
				GCC_WARN_64_TO_32_BIT_CONVERSION = YES;
				GCC_WARN_ABOUT_RETURN_TYPE = YES_ERROR;
				GCC_WARN_UNDECLARED_SELECTOR = YES;
				GCC_WARN_UNINITIALIZED_AUTOS = YES_AGGRESSIVE;
				GCC_WARN_UNUSED_FUNCTION = YES;
				GCC_WARN_UNUSED_VARIABLE = YES;
				IPHONEOS_DEPLOYMENT_TARGET = 16.4;
				MTL_ENABLE_DEBUG_INFO = NO;
				MTL_FAST_MATH = YES;
				SDKROOT = iphoneos;
				SWIFT_COMPILATION_MODE = wholemodule;
				SWIFT_OPTIMIZATION_LEVEL = "-O";
				VALIDATE_PRODUCT = YES;
			};
			name = Release;
		};
		1166F3322A2894FF0073C262 /* Debug */ = {
			isa = XCBuildConfiguration;
			baseConfigurationReference = E38D459860DC48B9B84EEE09 /* Pods-themoviedb.debug.xcconfig */;
			buildSettings = {
				ASSETCATALOG_COMPILER_APPICON_NAME = AppIcon;
				ASSETCATALOG_COMPILER_GLOBAL_ACCENT_COLOR_NAME = AccentColor;
				CODE_SIGN_STYLE = Automatic;
				CURRENT_PROJECT_VERSION = 1;
				GENERATE_INFOPLIST_FILE = YES;
				INFOPLIST_FILE = themoviedb/Info.plist;
				INFOPLIST_KEY_UIApplicationSupportsIndirectInputEvents = YES;
				INFOPLIST_KEY_UILaunchStoryboardName = LaunchScreen.storyboard;
				INFOPLIST_KEY_UISupportedInterfaceOrientations = "UIInterfaceOrientationLandscapeLeft UIInterfaceOrientationLandscapeRight UIInterfaceOrientationPortrait";
				INFOPLIST_KEY_UISupportedInterfaceOrientations_iPad = UIInterfaceOrientationPortrait;
				LD_RUNPATH_SEARCH_PATHS = (
					"$(inherited)",
					"@executable_path/Frameworks",
				);
				MARKETING_VERSION = 1.0;
				PRODUCT_BUNDLE_IDENTIFIER = com.the.movie.db.themoviedb;
				PRODUCT_NAME = "$(TARGET_NAME)";
				SWIFT_EMIT_LOC_STRINGS = YES;
				SWIFT_VERSION = 5.0;
				TARGETED_DEVICE_FAMILY = "1,2";
			};
			name = Debug;
		};
		1166F3332A2894FF0073C262 /* Release */ = {
			isa = XCBuildConfiguration;
			baseConfigurationReference = 6F6F6218A55043A92BBC50FE /* Pods-themoviedb.release.xcconfig */;
			buildSettings = {
				ASSETCATALOG_COMPILER_APPICON_NAME = AppIcon;
				ASSETCATALOG_COMPILER_GLOBAL_ACCENT_COLOR_NAME = AccentColor;
				CODE_SIGN_STYLE = Automatic;
				CURRENT_PROJECT_VERSION = 1;
				GENERATE_INFOPLIST_FILE = YES;
				INFOPLIST_FILE = themoviedb/Info.plist;
				INFOPLIST_KEY_UIApplicationSupportsIndirectInputEvents = YES;
				INFOPLIST_KEY_UILaunchStoryboardName = LaunchScreen.storyboard;
				INFOPLIST_KEY_UISupportedInterfaceOrientations = "UIInterfaceOrientationLandscapeLeft UIInterfaceOrientationLandscapeRight UIInterfaceOrientationPortrait";
				INFOPLIST_KEY_UISupportedInterfaceOrientations_iPad = UIInterfaceOrientationPortrait;
				LD_RUNPATH_SEARCH_PATHS = (
					"$(inherited)",
					"@executable_path/Frameworks",
				);
				MARKETING_VERSION = 1.0;
				PRODUCT_BUNDLE_IDENTIFIER = com.the.movie.db.themoviedb;
				PRODUCT_NAME = "$(TARGET_NAME)";
				SWIFT_EMIT_LOC_STRINGS = YES;
				SWIFT_VERSION = 5.0;
				TARGETED_DEVICE_FAMILY = "1,2";
			};
			name = Release;
		};
/* End XCBuildConfiguration section */

/* Begin XCConfigurationList section */
		1166F3182A2894FC0073C262 /* Build configuration list for PBXProject "themoviedb" */ = {
			isa = XCConfigurationList;
			buildConfigurations = (
				1166F32F2A2894FF0073C262 /* Debug */,
				1166F3302A2894FF0073C262 /* Release */,
			);
			defaultConfigurationIsVisible = 0;
			defaultConfigurationName = Release;
		};
		1166F3312A2894FF0073C262 /* Build configuration list for PBXNativeTarget "themoviedb" */ = {
			isa = XCConfigurationList;
			buildConfigurations = (
				1166F3322A2894FF0073C262 /* Debug */,
				1166F3332A2894FF0073C262 /* Release */,
			);
			defaultConfigurationIsVisible = 0;
			defaultConfigurationName = Release;
		};
/* End XCConfigurationList section */

/* Begin XCRemoteSwiftPackageReference section */
		11B63BB32A28AE2200107CA7 /* XCRemoteSwiftPackageReference "Alamofire" */ = {
			isa = XCRemoteSwiftPackageReference;
			repositoryURL = "https://github.com/Alamofire/Alamofire.git";
			requirement = {
				kind = exactVersion;
				version = 5.7.1;
			};
		};
/* End XCRemoteSwiftPackageReference section */

/* Begin XCSwiftPackageProductDependency section */
		11B63BB42A28AE2200107CA7 /* Alamofire */ = {
			isa = XCSwiftPackageProductDependency;
			package = 11B63BB32A28AE2200107CA7 /* XCRemoteSwiftPackageReference "Alamofire" */;
			productName = Alamofire;
		};
/* End XCSwiftPackageProductDependency section */
	};
	rootObject = 1166F3152A2894FC0073C262 /* Project object */;
}
